{
  "name": "lit-shell-multiplexing-example",
  "version": "1.0.0",
  "lockfileVersion": 3,
  "requires": true,
  "packages": {
    "": {
      "name": "lit-shell-multiplexing-example",
      "version": "1.0.0",
      "dependencies": {
        "lit-shell.js": "file:../..",
        "node-pty": "1.1.0"
      },
      "engines": {
        "node": "^22.13.0 || >=24.0.0",
        "npm": ">=10.0.0"
      }
    },
    "../..": {
      "name": "lit-shell.js",
      "version": "1.2.1",
      "license": "MIT",
      "dependencies": {
        "@types/ws": "^8.18.1",
        "@xterm/addon-fit": "^0.11.0",
        "@xterm/xterm": "^6.0.0",
        "lit": "^3.3.3",
        "ws": "^8.21.1"
      },
      "devDependencies": {
        "@arethetypeswrong/cli": "^0.18.5",
        "@axe-core/playwright": "^4.12.1",
        "@barney-media/crap-typescript": "0.4.2",
        "@changesets/cli": "^2.31.1",
        "@eslint/js": "^10.0.1",
        "@playwright/test": "1.62.1",
        "@types/node": "^22.20.1",
        "@vitest/coverage-v8": "4.1.10",
        "esbuild": "^0.28.1",
        "eslint": "^10.8.0",
        "eslint-plugin-lit": "^2.3.1",
        "eslint-plugin-security": "^4.0.1",
        "eslint-plugin-wc": "^3.1.0",
        "fast-check": "^4.9.0",
        "globals": "^17.8.0",
        "knip": "^6.31.0",
        "markdownlint-cli2": "^0.23.2",
        "node-pty": "1.1.0",
        "prettier": "^3.9.6",
        "publint": "^0.3.22",
        "typescript": "^6.0.3",
        "typescript-eslint": "^8.65.0",
        "vitest": "4.1.10"
      },
      "engines": {
        "node": "^22.13.0 || >=24.0.0",
        "npm": ">=10.0.0"
      },
      "peerDependencies": {
        "node-pty": "1.1.0"
      },
      "peerDependenciesMeta": {
        "node-pty": {
          "optional": true
        }
      }
    },
    "node_modules/lit-shell.js": {
      "resolved": "../..",
      "link": true
    },
    "node_modules/node-addon-api": {
      "version": "7.1.1",
      "resolved": "https://registry.npmjs.org/node-addon-api/-/node-addon-api-7.1.1.tgz",
      "integrity": "sha512-5m3bsyrjFWE1xf7nz7YXdN4udnVtXK6/Yfgn5qnahL6bCkf2yKt4k3nuTKAtT4r3IG8JNR2ncsIMdZuAzJjHQQ==",
      "license": "MIT"
    },
    "node_modules/node-pty": {
      "version": "1.1.0",
      "resolved": "https://registry.npmjs.org/node-pty/-/node-pty-1.1.0.tgz",
      "integrity": "sha512-20JqtutY6JPXTUnL0ij1uad7Qe1baT46lyolh2sSENDd4sTzKZ4nmAFkeAARDKwmlLjPx6XKRlwRUxwjOy+lUg==",
      "hasInstallScript": true,
      "license": "MIT",
      "dependencies": {
        "node-addon-api": "^7.1.0"
      }
    }
  }
}
